
Microsoft Visual Studio Solution File, Format Version 12.00
# Visual Studio Version 16
VisualStudioVersion = 16.0.31005.135
MinimumVisualStudioVersion = 10.0.40219.1
Project("{FAE04EC0-301F-11D3-BF4B-00C04F79EFBC}") = "Practica_2", "Practica_2\Practica_2.csproj", "{AFA1E055-39EE-40B3-87CF-2105CDEF35DF}"
EndProject
Global
	GlobalSection(SolutionConfigurationPlatforms) = preSolution
		Debug|Any CPU = Debug|Any CPU
		Release|Any CPU = Release|Any CPU
	EndGlobalSection
	GlobalSection(ProjectConfigurationPlatforms) = postSolution
		{AFA1E055-39EE-40B3-87CF-2105CDEF35DF}.Debug|Any CPU.ActiveCfg = Debug|Any CPU
		{AFA1E055-39EE-40B3-87CF-2105CDEF35DF}.Debug|Any CPU.Build.0 = Debug|Any CPU
		{AFA1E055-39EE-40B3-87CF-2105CDEF35DF}.Release|Any CPU.ActiveCfg = Release|Any CPU
		{AFA1E055-39EE-40B3-87CF-2105CDEF35DF}.Release|Any CPU.Build.0 = Release|Any CPU
	EndGlobalSection
	GlobalSection(SolutionProperties) = preSolution
		HideSolutionNode = FALSE
	EndGlobalSection
	GlobalSection(ExtensibilityGlobals) = postSolution
		SolutionGuid = {FC31254D-37FE-4246-B1B8-5567ADD7A00B}
	EndGlobalSection
EndGlobal
