
Microsoft Visual Studio Solution File, Format Version 12.00
# Visual Studio Version 16
VisualStudioVersion = 16.0.31005.135
MinimumVisualStudioVersion = 10.0.40219.1
Project("{FAE04EC0-301F-11D3-BF4B-00C04F79EFBC}") = "Practica_2", "Practica_2\Practica_2.csproj", "{AFA1E055-39EE-40B3-87CF-2105CDEF35DF}"
EndProject
Project("{FAE04EC0-301F-11D3-BF4B-00C04F79EFBC}") = "Ejercicio_Int", "Ejercicio_Int\Ejercicio_Int.csproj", "{260C4EBF-72F4-4574-ACF6-64A163FE6D56}"
EndProject
Project("{FAE04EC0-301F-11D3-BF4B-00C04F79EFBC}") = "CalculoPerimetro", "CalculoPerimetro\CalculoPerimetro.csproj", "{52D2BE75-73FE-4A78-ABB7-DC459DB979B1}"
EndProject
Project("{FAE04EC0-301F-11D3-BF4B-00C04F79EFBC}") = "Ejercicio_String", "Ejercicio_String\Ejercicio_String.csproj", "{22BE8200-B55A-428C-8A40-C59942B1AD23}"
EndProject
Project("{FAE04EC0-301F-11D3-BF4B-00C04F79EFBC}") = "Ejercicio_StringInt", "Ejercicio_StringInt\Ejercicio_StringInt.csproj", "{D8E450F0-E9A1-4DC5-94DF-8F2F14C8263E}"
EndProject
Project("{FAE04EC0-301F-11D3-BF4B-00C04F79EFBC}") = "Operaciones", "Operaciones\Operaciones.csproj", "{3CDED4F3-6F21-4F91-9BB9-3A533CBB441F}"
EndProject
Project("{FAE04EC0-301F-11D3-BF4B-00C04F79EFBC}") = "Burguer", "Burguer\Burguer.csproj", "{97F5AEA9-DC43-448A-A9DA-867DEF753C85}"
EndProject
Project("{FAE04EC0-301F-11D3-BF4B-00C04F79EFBC}") = "IfChar", "IfChar\IfChar.csproj", "{FE0CE9CB-E679-4DB6-BDFD-6F3567ABCFD7}"
EndProject
Project("{FAE04EC0-301F-11D3-BF4B-00C04F79EFBC}") = "FormaPago", "FormaPago\FormaPago.csproj", "{9D04A76A-3F6B-425F-BC27-A1155316B281}"
EndProject
Project("{FAE04EC0-301F-11D3-BF4B-00C04F79EFBC}") = "CatStore", "CatStore\CatStore.csproj", "{DD96F4FF-65F3-4EA4-9207-57081EB4031A}"
EndProject
Global
	GlobalSection(SolutionConfigurationPlatforms) = preSolution
		Debug|Any CPU = Debug|Any CPU
		Release|Any CPU = Release|Any CPU
	EndGlobalSection
	GlobalSection(ProjectConfigurationPlatforms) = postSolution
		{AFA1E055-39EE-40B3-87CF-2105CDEF35DF}.Debug|Any CPU.ActiveCfg = Debug|Any CPU
		{AFA1E055-39EE-40B3-87CF-2105CDEF35DF}.Debug|Any CPU.Build.0 = Debug|Any CPU
		{AFA1E055-39EE-40B3-87CF-2105CDEF35DF}.Release|Any CPU.ActiveCfg = Release|Any CPU
		{AFA1E055-39EE-40B3-87CF-2105CDEF35DF}.Release|Any CPU.Build.0 = Release|Any CPU
		{260C4EBF-72F4-4574-ACF6-64A163FE6D56}.Debug|Any CPU.ActiveCfg = Debug|Any CPU
		{260C4EBF-72F4-4574-ACF6-64A163FE6D56}.Debug|Any CPU.Build.0 = Debug|Any CPU
		{260C4EBF-72F4-4574-ACF6-64A163FE6D56}.Release|Any CPU.ActiveCfg = Release|Any CPU
		{260C4EBF-72F4-4574-ACF6-64A163FE6D56}.Release|Any CPU.Build.0 = Release|Any CPU
		{52D2BE75-73FE-4A78-ABB7-DC459DB979B1}.Debug|Any CPU.ActiveCfg = Debug|Any CPU
		{52D2BE75-73FE-4A78-ABB7-DC459DB979B1}.Debug|Any CPU.Build.0 = Debug|Any CPU
		{52D2BE75-73FE-4A78-ABB7-DC459DB979B1}.Release|Any CPU.ActiveCfg = Release|Any CPU
		{52D2BE75-73FE-4A78-ABB7-DC459DB979B1}.Release|Any CPU.Build.0 = Release|Any CPU
		{22BE8200-B55A-428C-8A40-C59942B1AD23}.Debug|Any CPU.ActiveCfg = Debug|Any CPU
		{22BE8200-B55A-428C-8A40-C59942B1AD23}.Debug|Any CPU.Build.0 = Debug|Any CPU
		{22BE8200-B55A-428C-8A40-C59942B1AD23}.Release|Any CPU.ActiveCfg = Release|Any CPU
		{22BE8200-B55A-428C-8A40-C59942B1AD23}.Release|Any CPU.Build.0 = Release|Any CPU
		{D8E450F0-E9A1-4DC5-94DF-8F2F14C8263E}.Debug|Any CPU.ActiveCfg = Debug|Any CPU
		{D8E450F0-E9A1-4DC5-94DF-8F2F14C8263E}.Debug|Any CPU.Build.0 = Debug|Any CPU
		{D8E450F0-E9A1-4DC5-94DF-8F2F14C8263E}.Release|Any CPU.ActiveCfg = Release|Any CPU
		{D8E450F0-E9A1-4DC5-94DF-8F2F14C8263E}.Release|Any CPU.Build.0 = Release|Any CPU
		{3CDED4F3-6F21-4F91-9BB9-3A533CBB441F}.Debug|Any CPU.ActiveCfg = Debug|Any CPU
		{3CDED4F3-6F21-4F91-9BB9-3A533CBB441F}.Debug|Any CPU.Build.0 = Debug|Any CPU
		{3CDED4F3-6F21-4F91-9BB9-3A533CBB441F}.Release|Any CPU.ActiveCfg = Release|Any CPU
		{3CDED4F3-6F21-4F91-9BB9-3A533CBB441F}.Release|Any CPU.Build.0 = Release|Any CPU
		{97F5AEA9-DC43-448A-A9DA-867DEF753C85}.Debug|Any CPU.ActiveCfg = Debug|Any CPU
		{97F5AEA9-DC43-448A-A9DA-867DEF753C85}.Debug|Any CPU.Build.0 = Debug|Any CPU
		{97F5AEA9-DC43-448A-A9DA-867DEF753C85}.Release|Any CPU.ActiveCfg = Release|Any CPU
		{97F5AEA9-DC43-448A-A9DA-867DEF753C85}.Release|Any CPU.Build.0 = Release|Any CPU
		{FE0CE9CB-E679-4DB6-BDFD-6F3567ABCFD7}.Debug|Any CPU.ActiveCfg = Debug|Any CPU
		{FE0CE9CB-E679-4DB6-BDFD-6F3567ABCFD7}.Debug|Any CPU.Build.0 = Debug|Any CPU
		{FE0CE9CB-E679-4DB6-BDFD-6F3567ABCFD7}.Release|Any CPU.ActiveCfg = Release|Any CPU
		{FE0CE9CB-E679-4DB6-BDFD-6F3567ABCFD7}.Release|Any CPU.Build.0 = Release|Any CPU
		{9D04A76A-3F6B-425F-BC27-A1155316B281}.Debug|Any CPU.ActiveCfg = Debug|Any CPU
		{9D04A76A-3F6B-425F-BC27-A1155316B281}.Debug|Any CPU.Build.0 = Debug|Any CPU
		{9D04A76A-3F6B-425F-BC27-A1155316B281}.Release|Any CPU.ActiveCfg = Release|Any CPU
		{9D04A76A-3F6B-425F-BC27-A1155316B281}.Release|Any CPU.Build.0 = Release|Any CPU
		{DD96F4FF-65F3-4EA4-9207-57081EB4031A}.Debug|Any CPU.ActiveCfg = Debug|Any CPU
		{DD96F4FF-65F3-4EA4-9207-57081EB4031A}.Debug|Any CPU.Build.0 = Debug|Any CPU
		{DD96F4FF-65F3-4EA4-9207-57081EB4031A}.Release|Any CPU.ActiveCfg = Release|Any CPU
		{DD96F4FF-65F3-4EA4-9207-57081EB4031A}.Release|Any CPU.Build.0 = Release|Any CPU
	EndGlobalSection
	GlobalSection(SolutionProperties) = preSolution
		HideSolutionNode = FALSE
	EndGlobalSection
	GlobalSection(ExtensibilityGlobals) = postSolution
		SolutionGuid = {FC31254D-37FE-4246-B1B8-5567ADD7A00B}
	EndGlobalSection
EndGlobal
